
Microsoft Visual Studio Solution File, Format Version 12.00
# Visual Studio Version 17
VisualStudioVersion = 17.9.34723.18
MinimumVisualStudioVersion = 10.0.40219.1
Project("{FAE04EC0-301F-11D3-BF4B-00C04F79EFBC}") = "SchedulerJobDemo", "SchedulerJobDemo\SchedulerJobDemo.csproj", "{3F492D81-A0D7-4FBF-9601-49FBFF28501B}"
EndProject
Global
	GlobalSection(SolutionConfigurationPlatforms) = preSolution
		Debug|Any CPU = Debug|Any CPU
		Release|Any CPU = Release|Any CPU
	EndGlobalSection
	GlobalSection(ProjectConfigurationPlatforms) = postSolution
		{3F492D81-A0D7-4FBF-9601-49FBFF28501B}.Debug|Any CPU.ActiveCfg = Debug|Any CPU
		{3F492D81-A0D7-4FBF-9601-49FBFF28501B}.Debug|Any CPU.Build.0 = Debug|Any CPU
		{3F492D81-A0D7-4FBF-9601-49FBFF28501B}.Release|Any CPU.ActiveCfg = Release|Any CPU
		{3F492D81-A0D7-4FBF-9601-49FBFF28501B}.Release|Any CPU.Build.0 = Release|Any CPU
	EndGlobalSection
	GlobalSection(SolutionProperties) = preSolution
		HideSolutionNode = FALSE
	EndGlobalSection
	GlobalSection(ExtensibilityGlobals) = postSolution
		SolutionGuid = {7977A29F-E617-4CF5-8264-5F9A4E759AA1}
	EndGlobalSection
EndGlobal
